
Microsoft Visual Studio Solution File, Format Version 12.00
# Visual Studio Version 17
VisualStudioVersion = 17.5.33530.505
MinimumVisualStudioVersion = 10.0.40219.1
Project("{9A19103F-16F7-4668-BE54-9A1E7A4F7556}") = "GirlLife", "GirlLife\GirlLife.csproj", "{C7C0FA35-39FD-498C-81F0-313AD214EB14}"
	ProjectSection(ProjectDependencies) = postProject
		{BC3E88F7-ED4A-4399-BF4C-70F1A4E81303} = {BC3E88F7-ED4A-4399-BF4C-70F1A4E81303}
	EndProjectSection
EndProject
Project("{9A19103F-16F7-4668-BE54-9A1E7A4F7556}") = "Engine", "Engine\Engine.csproj", "{2F64A4D0-9A29-46D1-8929-43197E028D84}"
	ProjectSection(ProjectDependencies) = postProject
		{BC3E88F7-ED4A-4399-BF4C-70F1A4E81303} = {BC3E88F7-ED4A-4399-BF4C-70F1A4E81303}
	EndProjectSection
EndProject
Project("{9A19103F-16F7-4668-BE54-9A1E7A4F7556}") = "Utils", "Utils\Utils.csproj", "{BC3E88F7-ED4A-4399-BF4C-70F1A4E81303}"
EndProject
Global
	GlobalSection(SolutionConfigurationPlatforms) = preSolution
		Debug|Any CPU = Debug|Any CPU
		Release|Any CPU = Release|Any CPU
	EndGlobalSection
	GlobalSection(ProjectConfigurationPlatforms) = postSolution
		{C7C0FA35-39FD-498C-81F0-313AD214EB14}.Debug|Any CPU.ActiveCfg = Debug|Any CPU
		{C7C0FA35-39FD-498C-81F0-313AD214EB14}.Debug|Any CPU.Build.0 = Debug|Any CPU
		{C7C0FA35-39FD-498C-81F0-313AD214EB14}.Release|Any CPU.ActiveCfg = Release|Any CPU
		{C7C0FA35-39FD-498C-81F0-313AD214EB14}.Release|Any CPU.Build.0 = Release|Any CPU
		{2F64A4D0-9A29-46D1-8929-43197E028D84}.Debug|Any CPU.ActiveCfg = Debug|Any CPU
		{2F64A4D0-9A29-46D1-8929-43197E028D84}.Debug|Any CPU.Build.0 = Debug|Any CPU
		{2F64A4D0-9A29-46D1-8929-43197E028D84}.Release|Any CPU.ActiveCfg = Release|Any CPU
		{2F64A4D0-9A29-46D1-8929-43197E028D84}.Release|Any CPU.Build.0 = Release|Any CPU
		{BC3E88F7-ED4A-4399-BF4C-70F1A4E81303}.Debug|Any CPU.ActiveCfg = Debug|Any CPU
		{BC3E88F7-ED4A-4399-BF4C-70F1A4E81303}.Debug|Any CPU.Build.0 = Debug|Any CPU
		{BC3E88F7-ED4A-4399-BF4C-70F1A4E81303}.Release|Any CPU.ActiveCfg = Release|Any CPU
		{BC3E88F7-ED4A-4399-BF4C-70F1A4E81303}.Release|Any CPU.Build.0 = Release|Any CPU
	EndGlobalSection
	GlobalSection(SolutionProperties) = preSolution
		HideSolutionNode = FALSE
	EndGlobalSection
	GlobalSection(ExtensibilityGlobals) = postSolution
		SolutionGuid = {060F619F-A712-4BBD-8D13-C54551313168}
	EndGlobalSection
EndGlobal
